// !$*UTF8*$!
{
	archiveVersion = 1;
	classes = {
	};
	objectVersion = 50;
	objects = {

/* Begin PBXBuildFile section */
		DE4FB4782516EB4A000D67FA /* AppDelegate.swift in Sources */ = {isa = PBXBuildFile; fileRef = DE4FB4772516EB4A000D67FA /* AppDelegate.swift */; };
		DE4FB47A2516EB4A000D67FA /* SceneDelegate.swift in Sources */ = {isa = PBXBuildFile; fileRef = DE4FB4792516EB4A000D67FA /* SceneDelegate.swift */; };
		DE4FB47C2516EB4A000D67FA /* LoginView.swift in Sources */ = {isa = PBXBuildFile; fileRef = DE4FB47B2516EB4A000D67FA /* LoginView.swift */; };
		DE4FB47E2516EB50000D67FA /* Assets.xcassets in Resources */ = {isa = PBXBuildFile; fileRef = DE4FB47D2516EB50000D67FA /* Assets.xcassets */; };
		DE4FB4812516EB50000D67FA /* Preview Assets.xcassets in Resources */ = {isa = PBXBuildFile; fileRef = DE4FB4802516EB50000D67FA /* Preview Assets.xcassets */; };
		DE4FB4842516EB50000D67FA /* LaunchScreen.storyboard in Resources */ = {isa = PBXBuildFile; fileRef = DE4FB4822516EB50000D67FA /* LaunchScreen.storyboard */; };
		DE4FB48E2517DA23000D67FA /* UIApplicationExt.swift in Sources */ = {isa = PBXBuildFile; fileRef = DE4FB48D2517DA23000D67FA /* UIApplicationExt.swift */; };
		DE4FB4902517DA57000D67FA /* SignInWithApple.swift .swift in Sources */ = {isa = PBXBuildFile; fileRef = DE4FB48F2517DA57000D67FA /* SignInWithApple.swift .swift */; };
		DE4FB4922517DDB8000D67FA /* SignupView.swift in Sources */ = {isa = PBXBuildFile; fileRef = DE4FB4912517DDB8000D67FA /* SignupView.swift */; };
		DE4FB4942517E8F1000D67FA /* RecoverPasswordView.swift in Sources */ = {isa = PBXBuildFile; fileRef = DE4FB4932517E8F1000D67FA /* RecoverPasswordView.swift */; };
		DEE1F4FD25182870009F7F2F /* UIViewExt.swift in Sources */ = {isa = PBXBuildFile; fileRef = DEE1F4FC25182870009F7F2F /* UIViewExt.swift */; };
		DEE1F50225183E0B009F7F2F /* DetailsView.swift in Sources */ = {isa = PBXBuildFile; fileRef = DEE1F50125183E0B009F7F2F /* DetailsView.swift */; };
		DEE1F50C2518C0F6009F7F2F /* AccountList.swift in Sources */ = {isa = PBXBuildFile; fileRef = DEE1F50B2518C0F6009F7F2F /* AccountList.swift */; };
		DEE1F5102518C43C009F7F2F /* AccountUpdateList.swift in Sources */ = {isa = PBXBuildFile; fileRef = DEE1F50E2518C43C009F7F2F /* AccountUpdateList.swift */; };
		DEE1F5112518C43C009F7F2F /* AccountUpdateDetail.swift in Sources */ = {isa = PBXBuildFile; fileRef = DEE1F50F2518C43C009F7F2F /* AccountUpdateDetail.swift */; };
		DEE1F5142518C529009F7F2F /* AccountUpdateStore.swift in Sources */ = {isa = PBXBuildFile; fileRef = DEE1F5132518C529009F7F2F /* AccountUpdateStore.swift */; };
		DEE1F5172518C7D4009F7F2F /* More.swift in Sources */ = {isa = PBXBuildFile; fileRef = DEE1F5162518C7D4009F7F2F /* More.swift */; };
		DEE1F51B2518CFBC009F7F2F /* AccountBarChart.swift in Sources */ = {isa = PBXBuildFile; fileRef = DEE1F51A2518CFBC009F7F2F /* AccountBarChart.swift */; };
		DEE1F51F2518D5A3009F7F2F /* Helpers.swift in Sources */ = {isa = PBXBuildFile; fileRef = DEE1F51D2518D5A2009F7F2F /* Helpers.swift */; };
		DEE1F5202518D5A3009F7F2F /* BarChartView.swift in Sources */ = {isa = PBXBuildFile; fileRef = DEE1F51E2518D5A3009F7F2F /* BarChartView.swift */; };
		DEE1F5252518D690009F7F2F /* BarChartCell.swift in Sources */ = {isa = PBXBuildFile; fileRef = DEE1F5222518D68F009F7F2F /* BarChartCell.swift */; };
		DEE1F5262518D690009F7F2F /* BarChartRow.swift in Sources */ = {isa = PBXBuildFile; fileRef = DEE1F5232518D690009F7F2F /* BarChartRow.swift */; };
		DEE1F5272518D690009F7F2F /* LabelView.swift in Sources */ = {isa = PBXBuildFile; fileRef = DEE1F5242518D690009F7F2F /* LabelView.swift */; };
/* End PBXBuildFile section */

/* Begin PBXFileReference section */
		DE4FB4742516EB4A000D67FA /* LBGAccountOverView.app */ = {isa = PBXFileReference; explicitFileType = wrapper.application; includeInIndex = 0; path = LBGAccountOverView.app; sourceTree = BUILT_PRODUCTS_DIR; };
		DE4FB4772516EB4A000D67FA /* AppDelegate.swift */ = {isa = PBXFileReference; lastKnownFileType = sourcecode.swift; path = AppDelegate.swift; sourceTree = "<group>"; };
		DE4FB4792516EB4A000D67FA /* SceneDelegate.swift */ = {isa = PBXFileReference; lastKnownFileType = sourcecode.swift; path = SceneDelegate.swift; sourceTree = "<group>"; };
		DE4FB47B2516EB4A000D67FA /* LoginView.swift */ = {isa = PBXFileReference; lastKnownFileType = sourcecode.swift; path = LoginView.swift; sourceTree = "<group>"; };
		DE4FB47D2516EB50000D67FA /* Assets.xcassets */ = {isa = PBXFileReference; lastKnownFileType = folder.assetcatalog; path = Assets.xcassets; sourceTree = "<group>"; };
		DE4FB4802516EB50000D67FA /* Preview Assets.xcassets */ = {isa = PBXFileReference; lastKnownFileType = folder.assetcatalog; path = "Preview Assets.xcassets"; sourceTree = "<group>"; };
		DE4FB4832516EB50000D67FA /* Base */ = {isa = PBXFileReference; lastKnownFileType = file.storyboard; name = Base; path = Base.lproj/LaunchScreen.storyboard; sourceTree = "<group>"; };
		DE4FB4852516EB50000D67FA /* Info.plist */ = {isa = PBXFileReference; lastKnownFileType = text.plist.xml; path = Info.plist; sourceTree = "<group>"; };
		DE4FB48D2517DA23000D67FA /* UIApplicationExt.swift */ = {isa = PBXFileReference; fileEncoding = 4; lastKnownFileType = sourcecode.swift; path = UIApplicationExt.swift; sourceTree = "<group>"; };
		DE4FB48F2517DA57000D67FA /* SignInWithApple.swift .swift */ = {isa = PBXFileReference; fileEncoding = 4; lastKnownFileType = sourcecode.swift; path = "SignInWithApple.swift .swift"; sourceTree = "<group>"; };
		DE4FB4912517DDB8000D67FA /* SignupView.swift */ = {isa = PBXFileReference; lastKnownFileType = sourcecode.swift; path = SignupView.swift; sourceTree = "<group>"; };
		DE4FB4932517E8F1000D67FA /* RecoverPasswordView.swift */ = {isa = PBXFileReference; lastKnownFileType = sourcecode.swift; path = RecoverPasswordView.swift; sourceTree = "<group>"; };
		DEE1F4FC25182870009F7F2F /* UIViewExt.swift */ = {isa = PBXFileReference; lastKnownFileType = sourcecode.swift; path = UIViewExt.swift; sourceTree = "<group>"; };
		DEE1F50125183E0B009F7F2F /* DetailsView.swift */ = {isa = PBXFileReference; lastKnownFileType = sourcecode.swift; path = DetailsView.swift; sourceTree = "<group>"; };
		DEE1F50B2518C0F6009F7F2F /* AccountList.swift */ = {isa = PBXFileReference; fileEncoding = 4; lastKnownFileType = sourcecode.swift; path = AccountList.swift; sourceTree = "<group>"; };
		DEE1F50E2518C43C009F7F2F /* AccountUpdateList.swift */ = {isa = PBXFileReference; fileEncoding = 4; lastKnownFileType = sourcecode.swift; path = AccountUpdateList.swift; sourceTree = "<group>"; };
		DEE1F50F2518C43C009F7F2F /* AccountUpdateDetail.swift */ = {isa = PBXFileReference; fileEncoding = 4; lastKnownFileType = sourcecode.swift; path = AccountUpdateDetail.swift; sourceTree = "<group>"; };
		DEE1F5132518C529009F7F2F /* AccountUpdateStore.swift */ = {isa = PBXFileReference; fileEncoding = 4; lastKnownFileType = sourcecode.swift; path = AccountUpdateStore.swift; sourceTree = "<group>"; };
		DEE1F5162518C7D4009F7F2F /* More.swift */ = {isa = PBXFileReference; lastKnownFileType = sourcecode.swift; path = More.swift; sourceTree = "<group>"; };
		DEE1F51A2518CFBC009F7F2F /* AccountBarChart.swift */ = {isa = PBXFileReference; lastKnownFileType = sourcecode.swift; path = AccountBarChart.swift; sourceTree = "<group>"; };
		DEE1F51D2518D5A2009F7F2F /* Helpers.swift */ = {isa = PBXFileReference; fileEncoding = 4; lastKnownFileType = sourcecode.swift; path = Helpers.swift; sourceTree = "<group>"; };
		DEE1F51E2518D5A3009F7F2F /* BarChartView.swift */ = {isa = PBXFileReference; fileEncoding = 4; lastKnownFileType = sourcecode.swift; path = BarChartView.swift; sourceTree = "<group>"; };
		DEE1F5222518D68F009F7F2F /* BarChartCell.swift */ = {isa = PBXFileReference; fileEncoding = 4; lastKnownFileType = sourcecode.swift; path = BarChartCell.swift; sourceTree = "<group>"; };
		DEE1F5232518D690009F7F2F /* BarChartRow.swift */ = {isa = PBXFileReference; fileEncoding = 4; lastKnownFileType = sourcecode.swift; path = BarChartRow.swift; sourceTree = "<group>"; };
		DEE1F5242518D690009F7F2F /* LabelView.swift */ = {isa = PBXFileReference; fileEncoding = 4; lastKnownFileType = sourcecode.swift; path = LabelView.swift; sourceTree = "<group>"; };
/* End PBXFileReference section */

/* Begin PBXFrameworksBuildPhase section */
		DE4FB4712516EB4A000D67FA /* Frameworks */ = {
			isa = PBXFrameworksBuildPhase;
			buildActionMask = 2147483647;
			files = (
			);
			runOnlyForDeploymentPostprocessing = 0;
		};
/* End PBXFrameworksBuildPhase section */

/* Begin PBXGroup section */
		DE4FB46B2516EB4A000D67FA = {
			isa = PBXGroup;
			children = (
				DE4FB4762516EB4A000D67FA /* LBGAccountOverView */,
				DE4FB4752516EB4A000D67FA /* Products */,
			);
			sourceTree = "<group>";
		};
		DE4FB4752516EB4A000D67FA /* Products */ = {
			isa = PBXGroup;
			children = (
				DE4FB4742516EB4A000D67FA /* LBGAccountOverView.app */,
			);
			name = Products;
			sourceTree = "<group>";
		};
		DE4FB4762516EB4A000D67FA /* LBGAccountOverView */ = {
			isa = PBXGroup;
			children = (
				DEE1F5222518D68F009F7F2F /* BarChartCell.swift */,
				DEE1F5232518D690009F7F2F /* BarChartRow.swift */,
				DEE1F5242518D690009F7F2F /* LabelView.swift */,
				DEE1F51E2518D5A3009F7F2F /* BarChartView.swift */,
				DEE1F51D2518D5A2009F7F2F /* Helpers.swift */,
				DEE1F50B2518C0F6009F7F2F /* AccountList.swift */,
				DEE1F50F2518C43C009F7F2F /* AccountUpdateDetail.swift */,
				DEE1F50E2518C43C009F7F2F /* AccountUpdateList.swift */,
				DEE1F5132518C529009F7F2F /* AccountUpdateStore.swift */,
				DE4FB48D2517DA23000D67FA /* UIApplicationExt.swift */,
				DE4FB48F2517DA57000D67FA /* SignInWithApple.swift .swift */,
				DE4FB4772516EB4A000D67FA /* AppDelegate.swift */,
				DE4FB4792516EB4A000D67FA /* SceneDelegate.swift */,
				DE4FB47B2516EB4A000D67FA /* LoginView.swift */,
				DE4FB47D2516EB50000D67FA /* Assets.xcassets */,
				DE4FB4822516EB50000D67FA /* LaunchScreen.storyboard */,
				DE4FB4852516EB50000D67FA /* Info.plist */,
				DE4FB47F2516EB50000D67FA /* Preview Content */,
				DE4FB4912517DDB8000D67FA /* SignupView.swift */,
				DE4FB4932517E8F1000D67FA /* RecoverPasswordView.swift */,
				DEE1F4FC25182870009F7F2F /* UIViewExt.swift */,
				DEE1F50125183E0B009F7F2F /* DetailsView.swift */,
				DEE1F5162518C7D4009F7F2F /* More.swift */,
				DEE1F51A2518CFBC009F7F2F /* AccountBarChart.swift */,
			);
			path = LBGAccountOverView;
			sourceTree = "<group>";
		};
		DE4FB47F2516EB50000D67FA /* Preview Content */ = {
			isa = PBXGroup;
			children = (
				DE4FB4802516EB50000D67FA /* Preview Assets.xcassets */,
			);
			path = "Preview Content";
			sourceTree = "<group>";
		};
/* End PBXGroup section */

/* Begin PBXNativeTarget section */
		DE4FB4732516EB4A000D67FA /* LBGAccountOverView */ = {
			isa = PBXNativeTarget;
			buildConfigurationList = DE4FB4882516EB50000D67FA /* Build configuration list for PBXNativeTarget "LBGAccountOverView" */;
			buildPhases = (
				DE4FB4702516EB4A000D67FA /* Sources */,
				DE4FB4712516EB4A000D67FA /* Frameworks */,
				DE4FB4722516EB4A000D67FA /* Resources */,
			);
			buildRules = (
			);
			dependencies = (
			);
			name = LBGAccountOverView;
			productName = LBGAccountOverView;
			productReference = DE4FB4742516EB4A000D67FA /* LBGAccountOverView.app */;
			productType = "com.apple.product-type.application";
		};
/* End PBXNativeTarget section */

/* Begin PBXProject section */
		DE4FB46C2516EB4A000D67FA /* Project object */ = {
			isa = PBXProject;
			attributes = {
				LastSwiftUpdateCheck = 1130;
				LastUpgradeCheck = 1130;
				ORGANIZATIONNAME = LBG;
				TargetAttributes = {
					DE4FB4732516EB4A000D67FA = {
						CreatedOnToolsVersion = 11.3;
					};
				};
			};
			buildConfigurationList = DE4FB46F2516EB4A000D67FA /* Build configuration list for PBXProject "LBGAccountOverView" */;
			compatibilityVersion = "Xcode 9.3";
			developmentRegion = en;
			hasScannedForEncodings = 0;
			knownRegions = (
				en,
				Base,
			);
			mainGroup = DE4FB46B2516EB4A000D67FA;
			productRefGroup = DE4FB4752516EB4A000D67FA /* Products */;
			projectDirPath = "";
			projectRoot = "";
			targets = (
				DE4FB4732516EB4A000D67FA /* LBGAccountOverView */,
			);
		};
/* End PBXProject section */

/* Begin PBXResourcesBuildPhase section */
		DE4FB4722516EB4A000D67FA /* Resources */ = {
			isa = PBXResourcesBuildPhase;
			buildActionMask = 2147483647;
			files = (
				DE4FB4842516EB50000D67FA /* LaunchScreen.storyboard in Resources */,
				DE4FB4812516EB50000D67FA /* Preview Assets.xcassets in Resources */,
				DE4FB47E2516EB50000D67FA /* Assets.xcassets in Resources */,
			);
			runOnlyForDeploymentPostprocessing = 0;
		};
/* End PBXResourcesBuildPhase section */

/* Begin PBXSourcesBuildPhase section */
		DE4FB4702516EB4A000D67FA /* Sources */ = {
			isa = PBXSourcesBuildPhase;
			buildActionMask = 2147483647;
			files = (
				DE4FB4922517DDB8000D67FA /* SignupView.swift in Sources */,
				DE4FB48E2517DA23000D67FA /* UIApplicationExt.swift in Sources */,
				DEE1F51B2518CFBC009F7F2F /* AccountBarChart.swift in Sources */,
				DEE1F50225183E0B009F7F2F /* DetailsView.swift in Sources */,
				DEE1F5262518D690009F7F2F /* BarChartRow.swift in Sources */,
				DEE1F5252518D690009F7F2F /* BarChartCell.swift in Sources */,
				DE4FB4902517DA57000D67FA /* SignInWithApple.swift .swift in Sources */,
				DEE1F5172518C7D4009F7F2F /* More.swift in Sources */,
				DE4FB4782516EB4A000D67FA /* AppDelegate.swift in Sources */,
				DEE1F5272518D690009F7F2F /* LabelView.swift in Sources */,
				DEE1F5202518D5A3009F7F2F /* BarChartView.swift in Sources */,
				DEE1F5102518C43C009F7F2F /* AccountUpdateList.swift in Sources */,
				DEE1F5142518C529009F7F2F /* AccountUpdateStore.swift in Sources */,
				DEE1F50C2518C0F6009F7F2F /* AccountList.swift in Sources */,
				DEE1F5112518C43C009F7F2F /* AccountUpdateDetail.swift in Sources */,
				DEE1F51F2518D5A3009F7F2F /* Helpers.swift in Sources */,
				DEE1F4FD25182870009F7F2F /* UIViewExt.swift in Sources */,
				DE4FB47A2516EB4A000D67FA /* SceneDelegate.swift in Sources */,
				DE4FB47C2516EB4A000D67FA /* LoginView.swift in Sources */,
				DE4FB4942517E8F1000D67FA /* RecoverPasswordView.swift in Sources */,
			);
			runOnlyForDeploymentPostprocessing = 0;
		};
/* End PBXSourcesBuildPhase section */

/* Begin PBXVariantGroup section */
		DE4FB4822516EB50000D67FA /* LaunchScreen.storyboard */ = {
			isa = PBXVariantGroup;
			children = (
				DE4FB4832516EB50000D67FA /* Base */,
			);
			name = LaunchScreen.storyboard;
			sourceTree = "<group>";
		};
/* End PBXVariantGroup section */

/* Begin XCBuildConfiguration section */
		DE4FB4862516EB50000D67FA /* Debug */ = {
			isa = XCBuildConfiguration;
			buildSettings = {
				ALWAYS_SEARCH_USER_PATHS = NO;
				CLANG_ANALYZER_NONNULL = YES;
				CLANG_ANALYZER_NUMBER_OBJECT_CONVERSION = YES_AGGRESSIVE;
				CLANG_CXX_LANGUAGE_STANDARD = "gnu++14";
				CLANG_CXX_LIBRARY = "libc++";
				CLANG_ENABLE_MODULES = YES;
				CLANG_ENABLE_OBJC_ARC = YES;
				CLANG_ENABLE_OBJC_WEAK = YES;
				CLANG_WARN_BLOCK_CAPTURE_AUTORELEASING = YES;
				CLANG_WARN_BOOL_CONVERSION = YES;
				CLANG_WARN_COMMA = YES;
				CLANG_WARN_CONSTANT_CONVERSION = YES;
				CLANG_WARN_DEPRECATED_OBJC_IMPLEMENTATIONS = YES;
				CLANG_WARN_DIRECT_OBJC_ISA_USAGE = YES_ERROR;
				CLANG_WARN_DOCUMENTATION_COMMENTS = YES;
				CLANG_WARN_EMPTY_BODY = YES;
				CLANG_WARN_ENUM_CONVERSION = YES;
				CLANG_WARN_INFINITE_RECURSION = YES;
				CLANG_WARN_INT_CONVERSION = YES;
				CLANG_WARN_NON_LITERAL_NULL_CONVERSION = YES;
				CLANG_WARN_OBJC_IMPLICIT_RETAIN_SELF = YES;
				CLANG_WARN_OBJC_LITERAL_CONVERSION = YES;
				CLANG_WARN_OBJC_ROOT_CLASS = YES_ERROR;
				CLANG_WARN_RANGE_LOOP_ANALYSIS = YES;
				CLANG_WARN_STRICT_PROTOTYPES = YES;
				CLANG_WARN_SUSPICIOUS_MOVE = YES;
				CLANG_WARN_UNGUARDED_AVAILABILITY = YES_AGGRESSIVE;
				CLANG_WARN_UNREACHABLE_CODE = YES;
				CLANG_WARN__DUPLICATE_METHOD_MATCH = YES;
				COPY_PHASE_STRIP = NO;
				DEBUG_INFORMATION_FORMAT = dwarf;
				ENABLE_STRICT_OBJC_MSGSEND = YES;
				ENABLE_TESTABILITY = YES;
				GCC_C_LANGUAGE_STANDARD = gnu11;
				GCC_DYNAMIC_NO_PIC = NO;
				GCC_NO_COMMON_BLOCKS = YES;
				GCC_OPTIMIZATION_LEVEL = 0;
				GCC_PREPROCESSOR_DEFINITIONS = (
					"DEBUG=1",
					"$(inherited)",
				);
				GCC_WARN_64_TO_32_BIT_CONVERSION = YES;
				GCC_WARN_ABOUT_RETURN_TYPE = YES_ERROR;
				GCC_WARN_UNDECLARED_SELECTOR = YES;
				GCC_WARN_UNINITIALIZED_AUTOS = YES_AGGRESSIVE;
				GCC_WARN_UNUSED_FUNCTION = YES;
				GCC_WARN_UNUSED_VARIABLE = YES;
				IPHONEOS_DEPLOYMENT_TARGET = 13.2;
				MTL_ENABLE_DEBUG_INFO = INCLUDE_SOURCE;
				MTL_FAST_MATH = YES;
				ONLY_ACTIVE_ARCH = YES;
				SDKROOT = iphoneos;
				SWIFT_ACTIVE_COMPILATION_CONDITIONS = DEBUG;
				SWIFT_OPTIMIZATION_LEVEL = "-Onone";
			};
			name = Debug;
		};
		DE4FB4872516EB50000D67FA /* Release */ = {
			isa = XCBuildConfiguration;
			buildSettings = {
				ALWAYS_SEARCH_USER_PATHS = NO;
				CLANG_ANALYZER_NONNULL = YES;
				CLANG_ANALYZER_NUMBER_OBJECT_CONVERSION = YES_AGGRESSIVE;
				CLANG_CXX_LANGUAGE_STANDARD = "gnu++14";
				CLANG_CXX_LIBRARY = "libc++";
				CLANG_ENABLE_MODULES = YES;
				CLANG_ENABLE_OBJC_ARC = YES;
				CLANG_ENABLE_OBJC_WEAK = YES;
				CLANG_WARN_BLOCK_CAPTURE_AUTORELEASING = YES;
				CLANG_WARN_BOOL_CONVERSION = YES;
				CLANG_WARN_COMMA = YES;
				CLANG_WARN_CONSTANT_CONVERSION = YES;
				CLANG_WARN_DEPRECATED_OBJC_IMPLEMENTATIONS = YES;
				CLANG_WARN_DIRECT_OBJC_ISA_USAGE = YES_ERROR;
				CLANG_WARN_DOCUMENTATION_COMMENTS = YES;
				CLANG_WARN_EMPTY_BODY = YES;
				CLANG_WARN_ENUM_CONVERSION = YES;
				CLANG_WARN_INFINITE_RECURSION = YES;
				CLANG_WARN_INT_CONVERSION = YES;
				CLANG_WARN_NON_LITERAL_NULL_CONVERSION = YES;
				CLANG_WARN_OBJC_IMPLICIT_RETAIN_SELF = YES;
				CLANG_WARN_OBJC_LITERAL_CONVERSION = YES;
				CLANG_WARN_OBJC_ROOT_CLASS = YES_ERROR;
				CLANG_WARN_RANGE_LOOP_ANALYSIS = YES;
				CLANG_WARN_STRICT_PROTOTYPES = YES;
				CLANG_WARN_SUSPICIOUS_MOVE = YES;
				CLANG_WARN_UNGUARDED_AVAILABILITY = YES_AGGRESSIVE;
				CLANG_WARN_UNREACHABLE_CODE = YES;
				CLANG_WARN__DUPLICATE_METHOD_MATCH = YES;
				COPY_PHASE_STRIP = NO;
				DEBUG_INFORMATION_FORMAT = "dwarf-with-dsym";
				ENABLE_NS_ASSERTIONS = NO;
				ENABLE_STRICT_OBJC_MSGSEND = YES;
				GCC_C_LANGUAGE_STANDARD = gnu11;
				GCC_NO_COMMON_BLOCKS = YES;
				GCC_WARN_64_TO_32_BIT_CONVERSION = YES;
				GCC_WARN_ABOUT_RETURN_TYPE = YES_ERROR;
				GCC_WARN_UNDECLARED_SELECTOR = YES;
				GCC_WARN_UNINITIALIZED_AUTOS = YES_AGGRESSIVE;
				GCC_WARN_UNUSED_FUNCTION = YES;
				GCC_WARN_UNUSED_VARIABLE = YES;
				IPHONEOS_DEPLOYMENT_TARGET = 13.2;
				MTL_ENABLE_DEBUG_INFO = NO;
				MTL_FAST_MATH = YES;
				SDKROOT = iphoneos;
				SWIFT_COMPILATION_MODE = wholemodule;
				SWIFT_OPTIMIZATION_LEVEL = "-O";
				VALIDATE_PRODUCT = YES;
			};
			name = Release;
		};
		DE4FB4892516EB50000D67FA /* Debug */ = {
			isa = XCBuildConfiguration;
			buildSettings = {
				ASSETCATALOG_COMPILER_APPICON_NAME = AppIcon;
				CODE_SIGN_STYLE = Automatic;
				DEVELOPMENT_ASSET_PATHS = "\"LBGAccountOverView/Preview Content\"";
				ENABLE_PREVIEWS = YES;
				INFOPLIST_FILE = LBGAccountOverView/Info.plist;
				LD_RUNPATH_SEARCH_PATHS = (
					"$(inherited)",
					"@executable_path/Frameworks",
				);
				PRODUCT_BUNDLE_IDENTIFIER = co.uk.lbg.accountoverview.LBGAccountOverView;
				PRODUCT_NAME = "$(TARGET_NAME)";
				SWIFT_VERSION = 5.0;
				TARGETED_DEVICE_FAMILY = "1,2";
			};
			name = Debug;
		};
		DE4FB48A2516EB50000D67FA /* Release */ = {
			isa = XCBuildConfiguration;
			buildSettings = {
				ASSETCATALOG_COMPILER_APPICON_NAME = AppIcon;
				CODE_SIGN_STYLE = Automatic;
				DEVELOPMENT_ASSET_PATHS = "\"LBGAccountOverView/Preview Content\"";
				ENABLE_PREVIEWS = YES;
				INFOPLIST_FILE = LBGAccountOverView/Info.plist;
				LD_RUNPATH_SEARCH_PATHS = (
					"$(inherited)",
					"@executable_path/Frameworks",
				);
				PRODUCT_BUNDLE_IDENTIFIER = co.uk.lbg.accountoverview.LBGAccountOverView;
				PRODUCT_NAME = "$(TARGET_NAME)";
				SWIFT_VERSION = 5.0;
				TARGETED_DEVICE_FAMILY = "1,2";
			};
			name = Release;
		};
/* End XCBuildConfiguration section */

/* Begin XCConfigurationList section */
		DE4FB46F2516EB4A000D67FA /* Build configuration list for PBXProject "LBGAccountOverView" */ = {
			isa = XCConfigurationList;
			buildConfigurations = (
				DE4FB4862516EB50000D67FA /* Debug */,
				DE4FB4872516EB50000D67FA /* Release */,
			);
			defaultConfigurationIsVisible = 0;
			defaultConfigurationName = Release;
		};
		DE4FB4882516EB50000D67FA /* Build configuration list for PBXNativeTarget "LBGAccountOverView" */ = {
			isa = XCConfigurationList;
			buildConfigurations = (
				DE4FB4892516EB50000D67FA /* Debug */,
				DE4FB48A2516EB50000D67FA /* Release */,
			);
			defaultConfigurationIsVisible = 0;
			defaultConfigurationName = Release;
		};
/* End XCConfigurationList section */
	};
	rootObject = DE4FB46C2516EB4A000D67FA /* Project object */;
}
